
Microsoft Visual Studio Solution File, Format Version 12.00
# Visual Studio Version 16
VisualStudioVersion = 16.0.29519.181
MinimumVisualStudioVersion = 10.0.40219.1
Project("{FAE04EC0-301F-11D3-BF4B-00C04F79EFBC}") = "Web", "Web\Web.csproj", "{F85B74A2-07A2-4A75-9FA7-36977AC16545}"
EndProject
Project("{FAE04EC0-301F-11D3-BF4B-00C04F79EFBC}") = "Core", "Core\Core.csproj", "{1C23C936-3B7A-4AB5-9812-4D8E2694365B}"
EndProject
Project("{FAE04EC0-301F-11D3-BF4B-00C04F79EFBC}") = "Infastructrure", "Infastructrure\Infastructrure.csproj", "{18D82E80-F806-4C56-847F-122B77738485}"
EndProject
Global
	GlobalSection(SolutionConfigurationPlatforms) = preSolution
		Debug|Any CPU = Debug|Any CPU
		Release|Any CPU = Release|Any CPU
	EndGlobalSection
	GlobalSection(ProjectConfigurationPlatforms) = postSolution
		{F85B74A2-07A2-4A75-9FA7-36977AC16545}.Debug|Any CPU.ActiveCfg = Debug|Any CPU
		{F85B74A2-07A2-4A75-9FA7-36977AC16545}.Debug|Any CPU.Build.0 = Debug|Any CPU
		{F85B74A2-07A2-4A75-9FA7-36977AC16545}.Release|Any CPU.ActiveCfg = Release|Any CPU
		{F85B74A2-07A2-4A75-9FA7-36977AC16545}.Release|Any CPU.Build.0 = Release|Any CPU
		{1C23C936-3B7A-4AB5-9812-4D8E2694365B}.Debug|Any CPU.ActiveCfg = Debug|Any CPU
		{1C23C936-3B7A-4AB5-9812-4D8E2694365B}.Debug|Any CPU.Build.0 = Debug|Any CPU
		{1C23C936-3B7A-4AB5-9812-4D8E2694365B}.Release|Any CPU.ActiveCfg = Release|Any CPU
		{1C23C936-3B7A-4AB5-9812-4D8E2694365B}.Release|Any CPU.Build.0 = Release|Any CPU
		{18D82E80-F806-4C56-847F-122B77738485}.Debug|Any CPU.ActiveCfg = Debug|Any CPU
		{18D82E80-F806-4C56-847F-122B77738485}.Debug|Any CPU.Build.0 = Debug|Any CPU
		{18D82E80-F806-4C56-847F-122B77738485}.Release|Any CPU.ActiveCfg = Release|Any CPU
		{18D82E80-F806-4C56-847F-122B77738485}.Release|Any CPU.Build.0 = Release|Any CPU
	EndGlobalSection
	GlobalSection(SolutionProperties) = preSolution
		HideSolutionNode = FALSE
	EndGlobalSection
	GlobalSection(ExtensibilityGlobals) = postSolution
		SolutionGuid = {D13A5BAD-2D56-435C-BE4C-1680B1603E4B}
	EndGlobalSection
EndGlobal
